
Microsoft Visual Studio Solution File, Format Version 12.00
# Visual Studio Version 16
VisualStudioVersion = 16.0.30204.135
MinimumVisualStudioVersion = 10.0.40219.1
Project("{9A19103F-16F7-4668-BE54-9A1E7A4F7556}") = "HasebCoreApi", "HasebCoreApi\HasebCoreApi.csproj", "{F208F921-8326-4E0E-AF47-596FA598362A}"
EndProject
Project("{FAE04EC0-301F-11D3-BF4B-00C04F79EFBC}") = "DigiHasebCoreTests", "DigiHasebCoreTests\DigiHasebCoreTests.csproj", "{E0A2D932-F09B-4538-A308-564B6114DDB3}"
EndProject
Global
	GlobalSection(SolutionConfigurationPlatforms) = preSolution
		Debug|Any CPU = Debug|Any CPU
		Release|Any CPU = Release|Any CPU
	EndGlobalSection
	GlobalSection(ProjectConfigurationPlatforms) = postSolution
		{F208F921-8326-4E0E-AF47-596FA598362A}.Debug|Any CPU.ActiveCfg = Debug|Any CPU
		{F208F921-8326-4E0E-AF47-596FA598362A}.Debug|Any CPU.Build.0 = Debug|Any CPU
		{F208F921-8326-4E0E-AF47-596FA598362A}.Release|Any CPU.ActiveCfg = Release|Any CPU
		{F208F921-8326-4E0E-AF47-596FA598362A}.Release|Any CPU.Build.0 = Release|Any CPU
		{E0A2D932-F09B-4538-A308-564B6114DDB3}.Debug|Any CPU.ActiveCfg = Debug|Any CPU
		{E0A2D932-F09B-4538-A308-564B6114DDB3}.Debug|Any CPU.Build.0 = Debug|Any CPU
		{E0A2D932-F09B-4538-A308-564B6114DDB3}.Release|Any CPU.ActiveCfg = Release|Any CPU
		{E0A2D932-F09B-4538-A308-564B6114DDB3}.Release|Any CPU.Build.0 = Release|Any CPU
	EndGlobalSection
	GlobalSection(SolutionProperties) = preSolution
		HideSolutionNode = FALSE
	EndGlobalSection
	GlobalSection(ExtensibilityGlobals) = postSolution
		SolutionGuid = {0380F6EF-7DDE-41C5-90BC-44CA0E7AEC36}
	EndGlobalSection
EndGlobal
